
Microsoft Visual Studio Solution File, Format Version 12.00
# Visual Studio Version 17
VisualStudioVersion = 17.3.32901.215
MinimumVisualStudioVersion = 10.0.40219.1
Project("{FAE04EC0-301F-11D3-BF4B-00C04F79EFBC}") = "EmployeeFunction", "EmployeeFunction.csproj", "{7460DE95-92AC-4C91-87F9-12B9F9108E1D}"
EndProject
Global
	GlobalSection(SolutionConfigurationPlatforms) = preSolution
		Debug|Any CPU = Debug|Any CPU
		Release|Any CPU = Release|Any CPU
	EndGlobalSection
	GlobalSection(ProjectConfigurationPlatforms) = postSolution
		{7460DE95-92AC-4C91-87F9-12B9F9108E1D}.Debug|Any CPU.ActiveCfg = Debug|Any CPU
		{7460DE95-92AC-4C91-87F9-12B9F9108E1D}.Debug|Any CPU.Build.0 = Debug|Any CPU
		{7460DE95-92AC-4C91-87F9-12B9F9108E1D}.Release|Any CPU.ActiveCfg = Release|Any CPU
		{7460DE95-92AC-4C91-87F9-12B9F9108E1D}.Release|Any CPU.Build.0 = Release|Any CPU
	EndGlobalSection
	GlobalSection(SolutionProperties) = preSolution
		HideSolutionNode = FALSE
	EndGlobalSection
	GlobalSection(ExtensibilityGlobals) = postSolution
		SolutionGuid = {65F9E64A-F0C6-45E0-BD98-484C9ED4BD1F}
	EndGlobalSection
EndGlobal
